
Microsoft Visual Studio Solution File, Format Version 12.00
# Visual Studio Version 17
VisualStudioVersion = 17.2.32616.157
MinimumVisualStudioVersion = 10.0.40219.1
Project("{FAE04EC0-301F-11D3-BF4B-00C04F79EFBC}") = "Delegates", "Delegates\Delegates.csproj", "{4765E2A1-88C2-4F9B-B251-32D94575C702}"
EndProject
Global
	GlobalSection(SolutionConfigurationPlatforms) = preSolution
		Debug|Any CPU = Debug|Any CPU
		Release|Any CPU = Release|Any CPU
	EndGlobalSection
	GlobalSection(ProjectConfigurationPlatforms) = postSolution
		{4765E2A1-88C2-4F9B-B251-32D94575C702}.Debug|Any CPU.ActiveCfg = Debug|Any CPU
		{4765E2A1-88C2-4F9B-B251-32D94575C702}.Debug|Any CPU.Build.0 = Debug|Any CPU
		{4765E2A1-88C2-4F9B-B251-32D94575C702}.Release|Any CPU.ActiveCfg = Release|Any CPU
		{4765E2A1-88C2-4F9B-B251-32D94575C702}.Release|Any CPU.Build.0 = Release|Any CPU
	EndGlobalSection
	GlobalSection(SolutionProperties) = preSolution
		HideSolutionNode = FALSE
	EndGlobalSection
	GlobalSection(ExtensibilityGlobals) = postSolution
		SolutionGuid = {C54F3E66-E998-4444-AD39-B985FF7BAFE8}
	EndGlobalSection
EndGlobal
